
Microsoft Visual Studio Solution File, Format Version 12.00
# Visual Studio 15
VisualStudioVersion = 15.0.27130.2036
MinimumVisualStudioVersion = 10.0.40219.1
Project("{2150E333-8FDC-42A3-9474-1A3956D46DE8}") = "BusinessLayer", "BusinessLayer", "{B706C698-5E3A-4C4E-8AB4-45D105D5C795}"
EndProject
Project("{2150E333-8FDC-42A3-9474-1A3956D46DE8}") = "Common", "Common", "{D6C3C3E9-AC62-40C5-B847-16D2F64F076F}"
EndProject
Project("{2150E333-8FDC-42A3-9474-1A3956D46DE8}") = "Controllers", "Controllers", "{AC64635A-7A64-46B2-A675-6C0C0754FCE4}"
EndProject
Project("{2150E333-8FDC-42A3-9474-1A3956D46DE8}") = "DataLayer", "DataLayer", "{9D0BA41B-92FE-4171-B54E-13B2C5EF93B9}"
EndProject
Project("{2150E333-8FDC-42A3-9474-1A3956D46DE8}") = "Mappers", "Mappers", "{975EDA6C-74A5-4C1B-A730-40D805CCF88F}"
EndProject
Project("{2150E333-8FDC-42A3-9474-1A3956D46DE8}") = "Models", "Models", "{087DDF49-D728-4305-A5C4-77286DD93298}"
EndProject
Project("{2150E333-8FDC-42A3-9474-1A3956D46DE8}") = "Tests", "Tests", "{AFF9B3D3-A69A-45F0-A997-C2EB1D6ACB7A}"
EndProject
Project("{9A19103F-16F7-4668-BE54-9A1E7A4F7556}") = "LZ.BusinessLayer.efdemo", "src\BusinessLayer\LZ.BusinessLayer.efdemo\LZ.BusinessLayer.efdemo.csproj", "{1F0D5AD3-3ADB-4F8A-A81F-7A0E89411984}"
EndProject
Project("{9A19103F-16F7-4668-BE54-9A1E7A4F7556}") = "LZ.Common.efdemo", "src\Common\LZ.Common.efdemo\LZ.Common.efdemo.csproj", "{5C32EB23-9D4A-4CF2-A21C-B670D743061C}"
EndProject
Project("{9A19103F-16F7-4668-BE54-9A1E7A4F7556}") = "LZ.Controllers.efdemo", "src\Controllers\LZ.Controllers.efdemo\LZ.Controllers.efdemo.csproj", "{A5F4BD0C-1712-469F-9E7A-1C1FCB2E2F4D}"
EndProject
Project("{9A19103F-16F7-4668-BE54-9A1E7A4F7556}") = "LZ.DataLayer.efdemo.Context", "src\DataLayer\LZ.DataLayer.efdemo.Context\LZ.DataLayer.efdemo.Context.csproj", "{0D57EB0A-9C4E-4AF1-8C68-7F515C7269C0}"
EndProject
Project("{9A19103F-16F7-4668-BE54-9A1E7A4F7556}") = "LZ.Mappers.efdemo", "src\Mappers\LZ.Mappers.efdemo\LZ.Mappers.efdemo.csproj", "{B7694FD8-34A8-41A2-8EAA-970E9314485D}"
EndProject
Project("{9A19103F-16F7-4668-BE54-9A1E7A4F7556}") = "LZ.Models.efdemo.Domain", "src\Models\LZ.Models.efdemo.Domain\LZ.Models.efdemo.Domain.csproj", "{D31FF72C-12DF-4269-A8D3-18CF524FB494}"
EndProject
Project("{9A19103F-16F7-4668-BE54-9A1E7A4F7556}") = "LZ.Models.efdemo.Dto", "src\Models\LZ.Models.efdemo.Dto\LZ.Models.efdemo.Dto.csproj", "{E5124905-B5BC-462A-B666-AD7B3085A553}"
EndProject
Project("{9A19103F-16F7-4668-BE54-9A1E7A4F7556}") = "LZ.Models.efdemo.Entity", "src\Models\LZ.Models.efdemo.Entity\LZ.Models.efdemo.Entity.csproj", "{B23AAF6F-B8FE-455A-8CEC-5617CA1E2BEC}"
EndProject
Project("{9A19103F-16F7-4668-BE54-9A1E7A4F7556}") = "Test.LZ.efdemo", "src\Tests\Test.LZ.efdemo\Test.LZ.efdemo.csproj", "{7FC5550F-DE78-4922-A842-9BA3ACB50EB1}"
EndProject
Project("{9A19103F-16F7-4668-BE54-9A1E7A4F7556}") = "efdemoService", "src\efdemoService\efdemoService.csproj", "{A8912C2F-CFCD-4894-B714-6B389B07AB4A}"
EndProject
Project("{9A19103F-16F7-4668-BE54-9A1E7A4F7556}") = "LZ.DataLayer.efdemo.Repository", "src\DataLayer\LZ.DataLayer.efdemo.Repository\LZ.DataLayer.efdemo.Repository.csproj", "{934177C1-3754-4A94-B727-C93FF5A0B3C8}"
EndProject
Project("{2150E333-8FDC-42A3-9474-1A3956D46DE8}") = "src", "src", "{CEE29969-0CC5-423E-82C6-793AAC9C6157}"
EndProject
Project("{2150E333-8FDC-42A3-9474-1A3956D46DE8}") = "Solution Items", "Solution Items", "{4775AEA7-53F9-4687-B669-B5F5CA686ADD}"
	ProjectSection(SolutionItems) = preProject
		.gitignore = .gitignore
		API-PRODUCTION-CHECKLIST.md = API-PRODUCTION-CHECKLIST.md
		install.bat = install.bat
		Jenkinsfile = Jenkinsfile
		NuGet.config = NuGet.config
		README.md = README.md
	EndProjectSection
EndProject
Project("{2150E333-8FDC-42A3-9474-1A3956D46DE8}") = ".template.config", ".template.config", "{0D955236-FCC2-4689-9672-BAA0AC85581A}"
	ProjectSection(SolutionItems) = preProject
		template.json = template.json
	EndProjectSection
EndProject
Project("{2150E333-8FDC-42A3-9474-1A3956D46DE8}") = "ServiceClients", "ServiceClients", "{AFA80687-B2AF-4690-97EE-E8644F1BECB9}"
EndProject
Project("{FAE04EC0-301F-11D3-BF4B-00C04F79EFBC}") = "LZ.ServiceClient.DummyService", "src\ServiceClients\LZ.ServiceClient.DummyService\LZ.ServiceClient.DummyService.csproj", "{CA657A0A-71CB-4B8D-B476-97A80A08D29A}"
EndProject
Global
	GlobalSection(SolutionConfigurationPlatforms) = preSolution
		Debug|Any CPU = Debug|Any CPU
		Release|Any CPU = Release|Any CPU
	EndGlobalSection
	GlobalSection(ProjectConfigurationPlatforms) = postSolution
		{1F0D5AD3-3ADB-4F8A-A81F-7A0E89411984}.Debug|Any CPU.ActiveCfg = Debug|Any CPU
		{1F0D5AD3-3ADB-4F8A-A81F-7A0E89411984}.Debug|Any CPU.Build.0 = Debug|Any CPU
		{1F0D5AD3-3ADB-4F8A-A81F-7A0E89411984}.Release|Any CPU.ActiveCfg = Release|Any CPU
		{1F0D5AD3-3ADB-4F8A-A81F-7A0E89411984}.Release|Any CPU.Build.0 = Release|Any CPU
		{5C32EB23-9D4A-4CF2-A21C-B670D743061C}.Debug|Any CPU.ActiveCfg = Debug|Any CPU
		{5C32EB23-9D4A-4CF2-A21C-B670D743061C}.Debug|Any CPU.Build.0 = Debug|Any CPU
		{5C32EB23-9D4A-4CF2-A21C-B670D743061C}.Release|Any CPU.ActiveCfg = Release|Any CPU
		{5C32EB23-9D4A-4CF2-A21C-B670D743061C}.Release|Any CPU.Build.0 = Release|Any CPU
		{A5F4BD0C-1712-469F-9E7A-1C1FCB2E2F4D}.Debug|Any CPU.ActiveCfg = Debug|Any CPU
		{A5F4BD0C-1712-469F-9E7A-1C1FCB2E2F4D}.Debug|Any CPU.Build.0 = Debug|Any CPU
		{A5F4BD0C-1712-469F-9E7A-1C1FCB2E2F4D}.Release|Any CPU.ActiveCfg = Release|Any CPU
		{A5F4BD0C-1712-469F-9E7A-1C1FCB2E2F4D}.Release|Any CPU.Build.0 = Release|Any CPU
		{0D57EB0A-9C4E-4AF1-8C68-7F515C7269C0}.Debug|Any CPU.ActiveCfg = Debug|Any CPU
		{0D57EB0A-9C4E-4AF1-8C68-7F515C7269C0}.Debug|Any CPU.Build.0 = Debug|Any CPU
		{0D57EB0A-9C4E-4AF1-8C68-7F515C7269C0}.Release|Any CPU.ActiveCfg = Release|Any CPU
		{0D57EB0A-9C4E-4AF1-8C68-7F515C7269C0}.Release|Any CPU.Build.0 = Release|Any CPU
		{B7694FD8-34A8-41A2-8EAA-970E9314485D}.Debug|Any CPU.ActiveCfg = Debug|Any CPU
		{B7694FD8-34A8-41A2-8EAA-970E9314485D}.Debug|Any CPU.Build.0 = Debug|Any CPU
		{B7694FD8-34A8-41A2-8EAA-970E9314485D}.Release|Any CPU.ActiveCfg = Release|Any CPU
		{B7694FD8-34A8-41A2-8EAA-970E9314485D}.Release|Any CPU.Build.0 = Release|Any CPU
		{D31FF72C-12DF-4269-A8D3-18CF524FB494}.Debug|Any CPU.ActiveCfg = Debug|Any CPU
		{D31FF72C-12DF-4269-A8D3-18CF524FB494}.Debug|Any CPU.Build.0 = Debug|Any CPU
		{D31FF72C-12DF-4269-A8D3-18CF524FB494}.Release|Any CPU.ActiveCfg = Release|Any CPU
		{D31FF72C-12DF-4269-A8D3-18CF524FB494}.Release|Any CPU.Build.0 = Release|Any CPU
		{E5124905-B5BC-462A-B666-AD7B3085A553}.Debug|Any CPU.ActiveCfg = Debug|Any CPU
		{E5124905-B5BC-462A-B666-AD7B3085A553}.Debug|Any CPU.Build.0 = Debug|Any CPU
		{E5124905-B5BC-462A-B666-AD7B3085A553}.Release|Any CPU.ActiveCfg = Release|Any CPU
		{E5124905-B5BC-462A-B666-AD7B3085A553}.Release|Any CPU.Build.0 = Release|Any CPU
		{B23AAF6F-B8FE-455A-8CEC-5617CA1E2BEC}.Debug|Any CPU.ActiveCfg = Debug|Any CPU
		{B23AAF6F-B8FE-455A-8CEC-5617CA1E2BEC}.Debug|Any CPU.Build.0 = Debug|Any CPU
		{B23AAF6F-B8FE-455A-8CEC-5617CA1E2BEC}.Release|Any CPU.ActiveCfg = Release|Any CPU
		{B23AAF6F-B8FE-455A-8CEC-5617CA1E2BEC}.Release|Any CPU.Build.0 = Release|Any CPU
		{7FC5550F-DE78-4922-A842-9BA3ACB50EB1}.Debug|Any CPU.ActiveCfg = Debug|Any CPU
		{7FC5550F-DE78-4922-A842-9BA3ACB50EB1}.Debug|Any CPU.Build.0 = Debug|Any CPU
		{7FC5550F-DE78-4922-A842-9BA3ACB50EB1}.Release|Any CPU.ActiveCfg = Release|Any CPU
		{7FC5550F-DE78-4922-A842-9BA3ACB50EB1}.Release|Any CPU.Build.0 = Release|Any CPU
		{A8912C2F-CFCD-4894-B714-6B389B07AB4A}.Debug|Any CPU.ActiveCfg = Debug|Any CPU
		{A8912C2F-CFCD-4894-B714-6B389B07AB4A}.Debug|Any CPU.Build.0 = Debug|Any CPU
		{A8912C2F-CFCD-4894-B714-6B389B07AB4A}.Release|Any CPU.ActiveCfg = Release|Any CPU
		{A8912C2F-CFCD-4894-B714-6B389B07AB4A}.Release|Any CPU.Build.0 = Release|Any CPU
		{934177C1-3754-4A94-B727-C93FF5A0B3C8}.Debug|Any CPU.ActiveCfg = Debug|Any CPU
		{934177C1-3754-4A94-B727-C93FF5A0B3C8}.Debug|Any CPU.Build.0 = Debug|Any CPU
		{934177C1-3754-4A94-B727-C93FF5A0B3C8}.Release|Any CPU.ActiveCfg = Release|Any CPU
		{934177C1-3754-4A94-B727-C93FF5A0B3C8}.Release|Any CPU.Build.0 = Release|Any CPU
		{CA657A0A-71CB-4B8D-B476-97A80A08D29A}.Debug|Any CPU.ActiveCfg = Debug|Any CPU
		{CA657A0A-71CB-4B8D-B476-97A80A08D29A}.Debug|Any CPU.Build.0 = Debug|Any CPU
		{CA657A0A-71CB-4B8D-B476-97A80A08D29A}.Release|Any CPU.ActiveCfg = Release|Any CPU
		{CA657A0A-71CB-4B8D-B476-97A80A08D29A}.Release|Any CPU.Build.0 = Release|Any CPU
	EndGlobalSection
	GlobalSection(SolutionProperties) = preSolution
		HideSolutionNode = FALSE
	EndGlobalSection
	GlobalSection(NestedProjects) = preSolution
		{B706C698-5E3A-4C4E-8AB4-45D105D5C795} = {CEE29969-0CC5-423E-82C6-793AAC9C6157}
		{D6C3C3E9-AC62-40C5-B847-16D2F64F076F} = {CEE29969-0CC5-423E-82C6-793AAC9C6157}
		{AC64635A-7A64-46B2-A675-6C0C0754FCE4} = {CEE29969-0CC5-423E-82C6-793AAC9C6157}
		{9D0BA41B-92FE-4171-B54E-13B2C5EF93B9} = {CEE29969-0CC5-423E-82C6-793AAC9C6157}
		{975EDA6C-74A5-4C1B-A730-40D805CCF88F} = {CEE29969-0CC5-423E-82C6-793AAC9C6157}
		{087DDF49-D728-4305-A5C4-77286DD93298} = {CEE29969-0CC5-423E-82C6-793AAC9C6157}
		{AFF9B3D3-A69A-45F0-A997-C2EB1D6ACB7A} = {CEE29969-0CC5-423E-82C6-793AAC9C6157}
		{1F0D5AD3-3ADB-4F8A-A81F-7A0E89411984} = {B706C698-5E3A-4C4E-8AB4-45D105D5C795}
		{5C32EB23-9D4A-4CF2-A21C-B670D743061C} = {D6C3C3E9-AC62-40C5-B847-16D2F64F076F}
		{A5F4BD0C-1712-469F-9E7A-1C1FCB2E2F4D} = {AC64635A-7A64-46B2-A675-6C0C0754FCE4}
		{0D57EB0A-9C4E-4AF1-8C68-7F515C7269C0} = {9D0BA41B-92FE-4171-B54E-13B2C5EF93B9}
		{B7694FD8-34A8-41A2-8EAA-970E9314485D} = {975EDA6C-74A5-4C1B-A730-40D805CCF88F}
		{D31FF72C-12DF-4269-A8D3-18CF524FB494} = {087DDF49-D728-4305-A5C4-77286DD93298}
		{E5124905-B5BC-462A-B666-AD7B3085A553} = {087DDF49-D728-4305-A5C4-77286DD93298}
		{B23AAF6F-B8FE-455A-8CEC-5617CA1E2BEC} = {087DDF49-D728-4305-A5C4-77286DD93298}
		{7FC5550F-DE78-4922-A842-9BA3ACB50EB1} = {AFF9B3D3-A69A-45F0-A997-C2EB1D6ACB7A}
		{A8912C2F-CFCD-4894-B714-6B389B07AB4A} = {CEE29969-0CC5-423E-82C6-793AAC9C6157}
		{934177C1-3754-4A94-B727-C93FF5A0B3C8} = {9D0BA41B-92FE-4171-B54E-13B2C5EF93B9}
		{AFA80687-B2AF-4690-97EE-E8644F1BECB9} = {CEE29969-0CC5-423E-82C6-793AAC9C6157}
		{CA657A0A-71CB-4B8D-B476-97A80A08D29A} = {AFA80687-B2AF-4690-97EE-E8644F1BECB9}
	EndGlobalSection
	GlobalSection(ExtensibilityGlobals) = postSolution
		SolutionGuid = {54197D5C-1C14-472C-BAB8-D60DEB50648F}
	EndGlobalSection
EndGlobal
